// !$*UTF8*$!
{
	archiveVersion = 1;
	classes = {
	};
	objectVersion = 46;
	objects = {

/* Begin PBXBuildFile section */
		F5E6BF1E1E5C359000AE35DD /* main.m in Sources */ = {isa = PBXBuildFile; fileRef = F5E6BF1D1E5C359000AE35DD /* main.m */; };
		F5E6BF211E5C359000AE35DD /* AppDelegate.m in Sources */ = {isa = PBXBuildFile; fileRef = F5E6BF201E5C359000AE35DD /* AppDelegate.m */; };
		F5E6BF241E5C359000AE35DD /* ViewController.m in Sources */ = {isa = PBXBuildFile; fileRef = F5E6BF231E5C359000AE35DD /* ViewController.m */; };
		F5E6BF271E5C359000AE35DD /* Main.storyboard in Resources */ = {isa = PBXBuildFile; fileRef = F5E6BF251E5C359000AE35DD /* Main.storyboard */; };
		F5E6BF291E5C359000AE35DD /* Assets.xcassets in Resources */ = {isa = PBXBuildFile; fileRef = F5E6BF281E5C359000AE35DD /* Assets.xcassets */; };
		F5E6BF2C1E5C359000AE35DD /* LaunchScreen.storyboard in Resources */ = {isa = PBXBuildFile; fileRef = F5E6BF2A1E5C359000AE35DD /* LaunchScreen.storyboard */; };
/* End PBXBuildFile section */

/* Begin PBXFileReference section */
		F5E6BF191E5C359000AE35DD /* 函数式编程.app */ = {isa = PBXFileReference; explicitFileType = wrapper.application; includeInIndex = 0; path = "函数式编程.app"; sourceTree = BUILT_PRODUCTS_DIR; };
		F5E6BF1D1E5C359000AE35DD /* main.m */ = {isa = PBXFileReference; lastKnownFileType = sourcecode.c.objc; path = main.m; sourceTree = "<group>"; };
		F5E6BF1F1E5C359000AE35DD /* AppDelegate.h */ = {isa = PBXFileReference; lastKnownFileType = sourcecode.c.h; path = AppDelegate.h; sourceTree = "<group>"; };
		F5E6BF201E5C359000AE35DD /* AppDelegate.m */ = {isa = PBXFileReference; lastKnownFileType = sourcecode.c.objc; path = AppDelegate.m; sourceTree = "<group>"; };
		F5E6BF221E5C359000AE35DD /* ViewController.h */ = {isa = PBXFileReference; lastKnownFileType = sourcecode.c.h; path = ViewController.h; sourceTree = "<group>"; };
		F5E6BF231E5C359000AE35DD /* ViewController.m */ = {isa = PBXFileReference; lastKnownFileType = sourcecode.c.objc; path = ViewController.m; sourceTree = "<group>"; };
		F5E6BF261E5C359000AE35DD /* Base */ = {isa = PBXFileReference; lastKnownFileType = file.storyboard; name = Base; path = Base.lproj/Main.storyboard; sourceTree = "<group>"; };
		F5E6BF281E5C359000AE35DD /* Assets.xcassets */ = {isa = PBXFileReference; lastKnownFileType = folder.assetcatalog; path = Assets.xcassets; sourceTree = "<group>"; };
		F5E6BF2B1E5C359000AE35DD /* Base */ = {isa = PBXFileReference; lastKnownFileType = file.storyboard; name = Base; path = Base.lproj/LaunchScreen.storyboard; sourceTree = "<group>"; };
		F5E6BF2D1E5C359000AE35DD /* Info.plist */ = {isa = PBXFileReference; lastKnownFileType = text.plist.xml; path = Info.plist; sourceTree = "<group>"; };
/* End PBXFileReference section */

/* Begin PBXFrameworksBuildPhase section */
		F5E6BF161E5C359000AE35DD /* Frameworks */ = {
			isa = PBXFrameworksBuildPhase;
			buildActionMask = 2147483647;
			files = (
			);
			runOnlyForDeploymentPostprocessing = 0;
		};
/* End PBXFrameworksBuildPhase section */

/* Begin PBXGroup section */
		F5E6BF101E5C359000AE35DD = {
			isa = PBXGroup;
			children = (
				F5E6BF1B1E5C359000AE35DD /* 函数式编程 */,
				F5E6BF1A1E5C359000AE35DD /* Products */,
			);
			sourceTree = "<group>";
		};
		F5E6BF1A1E5C359000AE35DD /* Products */ = {
			isa = PBXGroup;
			children = (
				F5E6BF191E5C359000AE35DD /* 函数式编程.app */,
			);
			name = Products;
			sourceTree = "<group>";
		};
		F5E6BF1B1E5C359000AE35DD /* 函数式编程 */ = {
			isa = PBXGroup;
			children = (
				F5E6BF1F1E5C359000AE35DD /* AppDelegate.h */,
				F5E6BF201E5C359000AE35DD /* AppDelegate.m */,
				F5E6BF221E5C359000AE35DD /* ViewController.h */,
				F5E6BF231E5C359000AE35DD /* ViewController.m */,
				F5E6BF251E5C359000AE35DD /* Main.storyboard */,
				F5E6BF281E5C359000AE35DD /* Assets.xcassets */,
				F5E6BF2A1E5C359000AE35DD /* LaunchScreen.storyboard */,
				F5E6BF2D1E5C359000AE35DD /* Info.plist */,
				F5E6BF1C1E5C359000AE35DD /* Supporting Files */,
			);
			path = "函数式编程";
			sourceTree = "<group>";
		};
		F5E6BF1C1E5C359000AE35DD /* Supporting Files */ = {
			isa = PBXGroup;
			children = (
				F5E6BF1D1E5C359000AE35DD /* main.m */,
			);
			name = "Supporting Files";
			sourceTree = "<group>";
		};
/* End PBXGroup section */

/* Begin PBXNativeTarget section */
		F5E6BF181E5C359000AE35DD /* 函数式编程 */ = {
			isa = PBXNativeTarget;
			buildConfigurationList = F5E6BF301E5C359000AE35DD /* Build configuration list for PBXNativeTarget "函数式编程" */;
			buildPhases = (
				F5E6BF151E5C359000AE35DD /* Sources */,
				F5E6BF161E5C359000AE35DD /* Frameworks */,
				F5E6BF171E5C359000AE35DD /* Resources */,
			);
			buildRules = (
			);
			dependencies = (
			);
			name = "函数式编程";
			productName = "函数式编程";
			productReference = F5E6BF191E5C359000AE35DD /* 函数式编程.app */;
			productType = "com.apple.product-type.application";
		};
/* End PBXNativeTarget section */

/* Begin PBXProject section */
		F5E6BF111E5C359000AE35DD /* Project object */ = {
			isa = PBXProject;
			attributes = {
				LastUpgradeCheck = 0820;
				ORGANIZATIONNAME = winsion;
				TargetAttributes = {
					F5E6BF181E5C359000AE35DD = {
						CreatedOnToolsVersion = 8.2;
						ProvisioningStyle = Manual;
					};
				};
			};
			buildConfigurationList = F5E6BF141E5C359000AE35DD /* Build configuration list for PBXProject "函数式编程" */;
			compatibilityVersion = "Xcode 3.2";
			developmentRegion = English;
			hasScannedForEncodings = 0;
			knownRegions = (
				en,
				Base,
			);
			mainGroup = F5E6BF101E5C359000AE35DD;
			productRefGroup = F5E6BF1A1E5C359000AE35DD /* Products */;
			projectDirPath = "";
			projectRoot = "";
			targets = (
				F5E6BF181E5C359000AE35DD /* 函数式编程 */,
			);
		};
/* End PBXProject section */

/* Begin PBXResourcesBuildPhase section */
		F5E6BF171E5C359000AE35DD /* Resources */ = {
			isa = PBXResourcesBuildPhase;
			buildActionMask = 2147483647;
			files = (
				F5E6BF2C1E5C359000AE35DD /* LaunchScreen.storyboard in Resources */,
				F5E6BF291E5C359000AE35DD /* Assets.xcassets in Resources */,
				F5E6BF271E5C359000AE35DD /* Main.storyboard in Resources */,
			);
			runOnlyForDeploymentPostprocessing = 0;
		};
/* End PBXResourcesBuildPhase section */

/* Begin PBXSourcesBuildPhase section */
		F5E6BF151E5C359000AE35DD /* Sources */ = {
			isa = PBXSourcesBuildPhase;
			buildActionMask = 2147483647;
			files = (
				F5E6BF241E5C359000AE35DD /* ViewController.m in Sources */,
				F5E6BF211E5C359000AE35DD /* AppDelegate.m in Sources */,
				F5E6BF1E1E5C359000AE35DD /* main.m in Sources */,
			);
			runOnlyForDeploymentPostprocessing = 0;
		};
/* End PBXSourcesBuildPhase section */

/* Begin PBXVariantGroup section */
		F5E6BF251E5C359000AE35DD /* Main.storyboard */ = {
			isa = PBXVariantGroup;
			children = (
				F5E6BF261E5C359000AE35DD /* Base */,
			);
			name = Main.storyboard;
			sourceTree = "<group>";
		};
		F5E6BF2A1E5C359000AE35DD /* LaunchScreen.storyboard */ = {
			isa = PBXVariantGroup;
			children = (
				F5E6BF2B1E5C359000AE35DD /* Base */,
			);
			name = LaunchScreen.storyboard;
			sourceTree = "<group>";
		};
/* End PBXVariantGroup section */

/* Begin XCBuildConfiguration section */
		F5E6BF2E1E5C359000AE35DD /* Debug */ = {
			isa = XCBuildConfiguration;
			buildSettings = {
				ALWAYS_SEARCH_USER_PATHS = NO;
				CLANG_ANALYZER_NONNULL = YES;
				CLANG_CXX_LANGUAGE_STANDARD = "gnu++0x";
				CLANG_CXX_LIBRARY = "libc++";
				CLANG_ENABLE_MODULES = YES;
				CLANG_ENABLE_OBJC_ARC = YES;
				CLANG_WARN_BOOL_CONVERSION = YES;
				CLANG_WARN_CONSTANT_CONVERSION = YES;
				CLANG_WARN_DIRECT_OBJC_ISA_USAGE = YES_ERROR;
				CLANG_WARN_DOCUMENTATION_COMMENTS = YES;
				CLANG_WARN_EMPTY_BODY = YES;
				CLANG_WARN_ENUM_CONVERSION = YES;
				CLANG_WARN_INFINITE_RECURSION = YES;
				CLANG_WARN_INT_CONVERSION = YES;
				CLANG_WARN_OBJC_ROOT_CLASS = YES_ERROR;
				CLANG_WARN_SUSPICIOUS_MOVE = YES;
				CLANG_WARN_UNREACHABLE_CODE = YES;
				CLANG_WARN__DUPLICATE_METHOD_MATCH = YES;
				"CODE_SIGN_IDENTITY[sdk=iphoneos*]" = "iPhone Developer";
				COPY_PHASE_STRIP = NO;
				DEBUG_INFORMATION_FORMAT = dwarf;
				ENABLE_STRICT_OBJC_MSGSEND = YES;
				ENABLE_TESTABILITY = YES;
				GCC_C_LANGUAGE_STANDARD = gnu99;
				GCC_DYNAMIC_NO_PIC = NO;
				GCC_NO_COMMON_BLOCKS = YES;
				GCC_OPTIMIZATION_LEVEL = 0;
				GCC_PREPROCESSOR_DEFINITIONS = (
					"DEBUG=1",
					"$(inherited)",
				);
				GCC_WARN_64_TO_32_BIT_CONVERSION = YES;
				GCC_WARN_ABOUT_RETURN_TYPE = YES_ERROR;
				GCC_WARN_UNDECLARED_SELECTOR = YES;
				GCC_WARN_UNINITIALIZED_AUTOS = YES_AGGRESSIVE;
				GCC_WARN_UNUSED_FUNCTION = YES;
				GCC_WARN_UNUSED_VARIABLE = YES;
				IPHONEOS_DEPLOYMENT_TARGET = 10.2;
				MTL_ENABLE_DEBUG_INFO = YES;
				ONLY_ACTIVE_ARCH = YES;
				SDKROOT = iphoneos;
			};
			name = Debug;
		};
		F5E6BF2F1E5C359000AE35DD /* Release */ = {
			isa = XCBuildConfiguration;
			buildSettings = {
				ALWAYS_SEARCH_USER_PATHS = NO;
				CLANG_ANALYZER_NONNULL = YES;
				CLANG_CXX_LANGUAGE_STANDARD = "gnu++0x";
				CLANG_CXX_LIBRARY = "libc++";
				CLANG_ENABLE_MODULES = YES;
				CLANG_ENABLE_OBJC_ARC = YES;
				CLANG_WARN_BOOL_CONVERSION = YES;
				CLANG_WARN_CONSTANT_CONVERSION = YES;
				CLANG_WARN_DIRECT_OBJC_ISA_USAGE = YES_ERROR;
				CLANG_WARN_DOCUMENTATION_COMMENTS = YES;
				CLANG_WARN_EMPTY_BODY = YES;
				CLANG_WARN_ENUM_CONVERSION = YES;
				CLANG_WARN_INFINITE_RECURSION = YES;
				CLANG_WARN_INT_CONVERSION = YES;
				CLANG_WARN_OBJC_ROOT_CLASS = YES_ERROR;
				CLANG_WARN_SUSPICIOUS_MOVE = YES;
				CLANG_WARN_UNREACHABLE_CODE = YES;
				CLANG_WARN__DUPLICATE_METHOD_MATCH = YES;
				"CODE_SIGN_IDENTITY[sdk=iphoneos*]" = "iPhone Developer";
				COPY_PHASE_STRIP = NO;
				DEBUG_INFORMATION_FORMAT = "dwarf-with-dsym";
				ENABLE_NS_ASSERTIONS = NO;
				ENABLE_STRICT_OBJC_MSGSEND = YES;
				GCC_C_LANGUAGE_STANDARD = gnu99;
				GCC_NO_COMMON_BLOCKS = YES;
				GCC_WARN_64_TO_32_BIT_CONVERSION = YES;
				GCC_WARN_ABOUT_RETURN_TYPE = YES_ERROR;
				GCC_WARN_UNDECLARED_SELECTOR = YES;
				GCC_WARN_UNINITIALIZED_AUTOS = YES_AGGRESSIVE;
				GCC_WARN_UNUSED_FUNCTION = YES;
				GCC_WARN_UNUSED_VARIABLE = YES;
				IPHONEOS_DEPLOYMENT_TARGET = 10.2;
				MTL_ENABLE_DEBUG_INFO = NO;
				SDKROOT = iphoneos;
				VALIDATE_PRODUCT = YES;
			};
			name = Release;
		};
		F5E6BF311E5C359000AE35DD /* Debug */ = {
			isa = XCBuildConfiguration;
			buildSettings = {
				ASSETCATALOG_COMPILER_APPICON_NAME = AppIcon;
				DEVELOPMENT_TEAM = "";
				INFOPLIST_FILE = "函数式编程/Info.plist";
				LD_RUNPATH_SEARCH_PATHS = "$(inherited) @executable_path/Frameworks";
				PRODUCT_BUNDLE_IDENTIFIER = "com.winsion.plus.-----";
				PRODUCT_NAME = "$(TARGET_NAME)";
			};
			name = Debug;
		};
		F5E6BF321E5C359000AE35DD /* Release */ = {
			isa = XCBuildConfiguration;
			buildSettings = {
				ASSETCATALOG_COMPILER_APPICON_NAME = AppIcon;
				DEVELOPMENT_TEAM = "";
				INFOPLIST_FILE = "函数式编程/Info.plist";
				LD_RUNPATH_SEARCH_PATHS = "$(inherited) @executable_path/Frameworks";
				PRODUCT_BUNDLE_IDENTIFIER = "com.winsion.plus.-----";
				PRODUCT_NAME = "$(TARGET_NAME)";
			};
			name = Release;
		};
/* End XCBuildConfiguration section */

/* Begin XCConfigurationList section */
		F5E6BF141E5C359000AE35DD /* Build configuration list for PBXProject "函数式编程" */ = {
			isa = XCConfigurationList;
			buildConfigurations = (
				F5E6BF2E1E5C359000AE35DD /* Debug */,
				F5E6BF2F1E5C359000AE35DD /* Release */,
			);
			defaultConfigurationIsVisible = 0;
			defaultConfigurationName = Release;
		};
		F5E6BF301E5C359000AE35DD /* Build configuration list for PBXNativeTarget "函数式编程" */ = {
			isa = XCConfigurationList;
			buildConfigurations = (
				F5E6BF311E5C359000AE35DD /* Debug */,
				F5E6BF321E5C359000AE35DD /* Release */,
			);
			defaultConfigurationIsVisible = 0;
		};
/* End XCConfigurationList section */
	};
	rootObject = F5E6BF111E5C359000AE35DD /* Project object */;
}
